
Microsoft Visual Studio Solution File, Format Version 12.00
# Visual Studio Version 16
VisualStudioVersion = 16.0.30907.101
MinimumVisualStudioVersion = 10.0.40219.1
Project("{FAE04EC0-301F-11D3-BF4B-00C04F79EFBC}") = "GrpcGreeter", "GrpcGreeter\GrpcGreeter.csproj", "{11455EAD-BAC4-4E7C-84C2-EF34FE771F4A}"
EndProject
Project("{FAE04EC0-301F-11D3-BF4B-00C04F79EFBC}") = "GrpcGreeter.Tests", "GrpcGreeter.Tests\GrpcGreeter.Tests.csproj", "{1CFA9AA1-12B5-43ED-BAFF-12279EE57996}"
EndProject
Global
	GlobalSection(SolutionConfigurationPlatforms) = preSolution
		Debug|Any CPU = Debug|Any CPU
		Debug|x64 = Debug|x64
		Debug|x86 = Debug|x86
		Release|Any CPU = Release|Any CPU
		Release|x64 = Release|x64
		Release|x86 = Release|x86
	EndGlobalSection
	GlobalSection(ProjectConfigurationPlatforms) = postSolution
		{11455EAD-BAC4-4E7C-84C2-EF34FE771F4A}.Debug|Any CPU.ActiveCfg = Debug|Any CPU
		{11455EAD-BAC4-4E7C-84C2-EF34FE771F4A}.Debug|Any CPU.Build.0 = Debug|Any CPU
		{11455EAD-BAC4-4E7C-84C2-EF34FE771F4A}.Debug|x64.ActiveCfg = Debug|Any CPU
		{11455EAD-BAC4-4E7C-84C2-EF34FE771F4A}.Debug|x64.Build.0 = Debug|Any CPU
		{11455EAD-BAC4-4E7C-84C2-EF34FE771F4A}.Debug|x86.ActiveCfg = Debug|Any CPU
		{11455EAD-BAC4-4E7C-84C2-EF34FE771F4A}.Debug|x86.Build.0 = Debug|Any CPU
		{11455EAD-BAC4-4E7C-84C2-EF34FE771F4A}.Release|Any CPU.ActiveCfg = Release|Any CPU
		{11455EAD-BAC4-4E7C-84C2-EF34FE771F4A}.Release|Any CPU.Build.0 = Release|Any CPU
		{11455EAD-BAC4-4E7C-84C2-EF34FE771F4A}.Release|x64.ActiveCfg = Release|Any CPU
		{11455EAD-BAC4-4E7C-84C2-EF34FE771F4A}.Release|x64.Build.0 = Release|Any CPU
		{11455EAD-BAC4-4E7C-84C2-EF34FE771F4A}.Release|x86.ActiveCfg = Release|Any CPU
		{11455EAD-BAC4-4E7C-84C2-EF34FE771F4A}.Release|x86.Build.0 = Release|Any CPU
		{1CFA9AA1-12B5-43ED-BAFF-12279EE57996}.Debug|Any CPU.ActiveCfg = Debug|Any CPU
		{1CFA9AA1-12B5-43ED-BAFF-12279EE57996}.Debug|Any CPU.Build.0 = Debug|Any CPU
		{1CFA9AA1-12B5-43ED-BAFF-12279EE57996}.Debug|x64.ActiveCfg = Debug|Any CPU
		{1CFA9AA1-12B5-43ED-BAFF-12279EE57996}.Debug|x64.Build.0 = Debug|Any CPU
		{1CFA9AA1-12B5-43ED-BAFF-12279EE57996}.Debug|x86.ActiveCfg = Debug|Any CPU
		{1CFA9AA1-12B5-43ED-BAFF-12279EE57996}.Debug|x86.Build.0 = Debug|Any CPU
		{1CFA9AA1-12B5-43ED-BAFF-12279EE57996}.Release|Any CPU.ActiveCfg = Release|Any CPU
		{1CFA9AA1-12B5-43ED-BAFF-12279EE57996}.Release|Any CPU.Build.0 = Release|Any CPU
		{1CFA9AA1-12B5-43ED-BAFF-12279EE57996}.Release|x64.ActiveCfg = Release|Any CPU
		{1CFA9AA1-12B5-43ED-BAFF-12279EE57996}.Release|x64.Build.0 = Release|Any CPU
		{1CFA9AA1-12B5-43ED-BAFF-12279EE57996}.Release|x86.ActiveCfg = Release|Any CPU
		{1CFA9AA1-12B5-43ED-BAFF-12279EE57996}.Release|x86.Build.0 = Release|Any CPU
	EndGlobalSection
	GlobalSection(SolutionProperties) = preSolution
		HideSolutionNode = FALSE
	EndGlobalSection
	GlobalSection(ExtensibilityGlobals) = postSolution
		SolutionGuid = {D8BFF852-48A5-4688-BD38-22B22EA560F9}
	EndGlobalSection
EndGlobal
